<?xml version="1.0" encoding="utf-8"?>
<Project ToolsVersion="4.0" xmlns="http://schemas.microsoft.com/developer/msbuild/2003">
  <ItemGroup>
    <ClInclude Include="MyFxManager.h" />
    <ClInclude Include="Search.h" />
    <ClInclude Include="LogFile.h" />
    <ClInclude Include="DdsCache.h" />
    <ClInclude Include="stb_dxt.h" />
  </ItemGroup>
  <ItemGroup>
    <ClCompile Include="EffectsLoader.cpp" />
    <ClCompile Include="Search.cpp" />
    <ClCompile Include="LogFile.cpp" />
    <ClCompile Include="MyFxManager.cpp" />
    <ClCompile Include="DdsCache.cpp" />
  </ItemGroup>
  <ItemGroup>
    <None Include="effects-loader.ini" />
  </ItemGroup>
</Project>